
Microsoft Visual Studio Solution File, Format Version 12.00
# Visual Studio Version 17
VisualStudioVersion = 17.11.35327.3
MinimumVisualStudioVersion = 10.0.40219.1
Project("{FAE04EC0-301F-11D3-BF4B-00C04F79EFBC}") = "monitorizare_trafic", "monitorizare_trafic\monitorizare_trafic.csproj", "{A8764A80-AD98-4D96-83BA-5AF0C9A0A97D}"
EndProject
Global
	GlobalSection(SolutionConfigurationPlatforms) = preSolution
		Debug|Any CPU = Debug|Any CPU
		Release|Any CPU = Release|Any CPU
	EndGlobalSection
	GlobalSection(ProjectConfigurationPlatforms) = postSolution
		{A8764A80-AD98-4D96-83BA-5AF0C9A0A97D}.Debug|Any CPU.ActiveCfg = Debug|Any CPU
		{A8764A80-AD98-4D96-83BA-5AF0C9A0A97D}.Debug|Any CPU.Build.0 = Debug|Any CPU
		{A8764A80-AD98-4D96-83BA-5AF0C9A0A97D}.Release|Any CPU.ActiveCfg = Release|Any CPU
		{A8764A80-AD98-4D96-83BA-5AF0C9A0A97D}.Release|Any CPU.Build.0 = Release|Any CPU
	EndGlobalSection
	GlobalSection(SolutionProperties) = preSolution
		HideSolutionNode = FALSE
	EndGlobalSection
	GlobalSection(ExtensibilityGlobals) = postSolution
		SolutionGuid = {8D1B97EA-7756-41DC-A73B-494B59B01748}
	EndGlobalSection
EndGlobal
